Microsoft Visual Studio Solution File, Format Version 12.00
# Visual Studio Version 17
VisualStudioVersion = 17.5.2.0
MinimumVisualStudioVersion = 10.0.40219.1
Project("{FAE04EC0-301F-11D3-BF4B-00C04F79EFBC}") = "NagrikSevaAPI", "NagrikSevaAPI.csproj", "{F4A560B2-7AFC-ABC2-EACE-D8009C6D80AE}"
EndProject
Global
	GlobalSection(SolutionConfigurationPlatforms) = preSolution
		Debug|Any CPU = Debug|Any CPU
		Release|Any CPU = Release|Any CPU
	EndGlobalSection
	GlobalSection(ProjectConfigurationPlatforms) = postSolution
		{F4A560B2-7AFC-ABC2-EACE-D8009C6D80AE}.Debug|Any CPU.ActiveCfg = Debug|Any CPU
		{F4A560B2-7AFC-ABC2-EACE-D8009C6D80AE}.Debug|Any CPU.Build.0 = Debug|Any CPU
		{F4A560B2-7AFC-ABC2-EACE-D8009C6D80AE}.Release|Any CPU.ActiveCfg = Release|Any CPU
		{F4A560B2-7AFC-ABC2-EACE-D8009C6D80AE}.Release|Any CPU.Build.0 = Release|Any CPU
	EndGlobalSection
	GlobalSection(SolutionProperties) = preSolution
		HideSolutionNode = FALSE
	EndGlobalSection
	GlobalSection(ExtensibilityGlobals) = postSolution
		SolutionGuid = {89DFF253-512F-4E9A-9426-5CC679728343}
	EndGlobalSection
EndGlobal
